
Microsoft Visual Studio Solution File, Format Version 12.00
# Visual Studio Version 17
VisualStudioVersion = 17.2.32519.379
MinimumVisualStudioVersion = 10.0.40219.1
Project("{FAE04EC0-301F-11D3-BF4B-00C04F79EFBC}") = "SimpleLogger.App", "SimpleLogger.App\SimpleLogger.App.csproj", "{72D7B15C-8DDA-49ED-A28D-3E53CF73323C}"
EndProject
Project("{FAE04EC0-301F-11D3-BF4B-00C04F79EFBC}") = "SimpleLogger", "SimpleLogger\SimpleLogger.csproj", "{1D8CD5AB-A4AB-4FA5-904B-30B913F26565}"
EndProject
Global
	GlobalSection(SolutionConfigurationPlatforms) = preSolution
		Debug|Any CPU = Debug|Any CPU
		Release|Any CPU = Release|Any CPU
	EndGlobalSection
	GlobalSection(ProjectConfigurationPlatforms) = postSolution
		{72D7B15C-8DDA-49ED-A28D-3E53CF73323C}.Debug|Any CPU.ActiveCfg = Debug|Any CPU
		{72D7B15C-8DDA-49ED-A28D-3E53CF73323C}.Debug|Any CPU.Build.0 = Debug|Any CPU
		{72D7B15C-8DDA-49ED-A28D-3E53CF73323C}.Release|Any CPU.ActiveCfg = Release|Any CPU
		{72D7B15C-8DDA-49ED-A28D-3E53CF73323C}.Release|Any CPU.Build.0 = Release|Any CPU
		{1D8CD5AB-A4AB-4FA5-904B-30B913F26565}.Debug|Any CPU.ActiveCfg = Debug|Any CPU
		{1D8CD5AB-A4AB-4FA5-904B-30B913F26565}.Debug|Any CPU.Build.0 = Debug|Any CPU
		{1D8CD5AB-A4AB-4FA5-904B-30B913F26565}.Release|Any CPU.ActiveCfg = Release|Any CPU
		{1D8CD5AB-A4AB-4FA5-904B-30B913F26565}.Release|Any CPU.Build.0 = Release|Any CPU
	EndGlobalSection
	GlobalSection(SolutionProperties) = preSolution
		HideSolutionNode = FALSE
	EndGlobalSection
	GlobalSection(ExtensibilityGlobals) = postSolution
		SolutionGuid = {F1209DB7-04C7-4043-AF17-14E10B72B7FE}
	EndGlobalSection
EndGlobal
